// !$*UTF8*$!
{
	archiveVersion = 1;
	classes = {
	};
	objectVersion = 56;
	objects = {

/* Begin PBXBuildFile section */
		7F0961782A5F258D00109032 /* AppDelegate.swift in Sources */ = {isa = PBXBuildFile; fileRef = 7F0961772A5F258D00109032 /* AppDelegate.swift */; };
		7F09617A2A5F258D00109032 /* SceneDelegate.swift in Sources */ = {isa = PBXBuildFile; fileRef = 7F0961792A5F258D00109032 /* SceneDelegate.swift */; };
		7F09617C2A5F258D00109032 /* HomeViewController.swift in Sources */ = {isa = PBXBuildFile; fileRef = 7F09617B2A5F258D00109032 /* HomeViewController.swift */; };
		7F0961812A5F259000109032 /* Assets.xcassets in Resources */ = {isa = PBXBuildFile; fileRef = 7F0961802A5F259000109032 /* Assets.xcassets */; };
		7F0961972A5F2E3700109032 /* StationModel.swift in Sources */ = {isa = PBXBuildFile; fileRef = 7F0961962A5F2E3700109032 /* StationModel.swift */; };
		7F0961992A5F2E6C00109032 /* TripModel.swift in Sources */ = {isa = PBXBuildFile; fileRef = 7F0961982A5F2E6C00109032 /* TripModel.swift */; };
		7F09619B2A5F346C00109032 /* HomePresenter.swift in Sources */ = {isa = PBXBuildFile; fileRef = 7F09619A2A5F346C00109032 /* HomePresenter.swift */; };
		7F09619D2A5F361900109032 /* LocationManager.swift in Sources */ = {isa = PBXBuildFile; fileRef = 7F09619C2A5F361900109032 /* LocationManager.swift */; };
		7F09619F2A5F380000109032 /* Keys.swift in Sources */ = {isa = PBXBuildFile; fileRef = 7F09619E2A5F380000109032 /* Keys.swift */; };
		7F0961A12A5F4B1B00109032 /* Extensions.swift in Sources */ = {isa = PBXBuildFile; fileRef = 7F0961A02A5F4B1B00109032 /* Extensions.swift */; };
		7F0961A32A5F573700109032 /* StationAnnotation.swift in Sources */ = {isa = PBXBuildFile; fileRef = 7F0961A22A5F573700109032 /* StationAnnotation.swift */; };
		7F0961A72A608BBF00109032 /* TripListViewController.swift in Sources */ = {isa = PBXBuildFile; fileRef = 7F0961A62A608BBF00109032 /* TripListViewController.swift */; };
		7F0961A92A608BE500109032 /* TripListPresenter.swift in Sources */ = {isa = PBXBuildFile; fileRef = 7F0961A82A608BE500109032 /* TripListPresenter.swift */; };
		7F0961AB2A60977000109032 /* StationCustomAnnotationView.swift in Sources */ = {isa = PBXBuildFile; fileRef = 7F0961AA2A60977000109032 /* StationCustomAnnotationView.swift */; };
		7F0961AD2A609E7000109032 /* TripListCellView.swift in Sources */ = {isa = PBXBuildFile; fileRef = 7F0961AC2A609E7000109032 /* TripListCellView.swift */; };
		7F0961AF2A60A61600109032 /* ButtonContainerView.swift in Sources */ = {isa = PBXBuildFile; fileRef = 7F0961AE2A60A61600109032 /* ButtonContainerView.swift */; };
		7F0961B22A60CA7B00109032 /* EzPopup in Frameworks */ = {isa = PBXBuildFile; productRef = 7F0961B12A60CA7B00109032 /* EzPopup */; };
/* End PBXBuildFile section */

/* Begin PBXFileReference section */
		7F0961742A5F258D00109032 /* BusStopsOnMap.app */ = {isa = PBXFileReference; explicitFileType = wrapper.application; includeInIndex = 0; path = BusStopsOnMap.app; sourceTree = BUILT_PRODUCTS_DIR; };
		7F0961772A5F258D00109032 /* AppDelegate.swift */ = {isa = PBXFileReference; lastKnownFileType = sourcecode.swift; path = AppDelegate.swift; sourceTree = "<group>"; };
		7F0961792A5F258D00109032 /* SceneDelegate.swift */ = {isa = PBXFileReference; lastKnownFileType = sourcecode.swift; path = SceneDelegate.swift; sourceTree = "<group>"; };
		7F09617B2A5F258D00109032 /* HomeViewController.swift */ = {isa = PBXFileReference; lastKnownFileType = sourcecode.swift; path = HomeViewController.swift; sourceTree = "<group>"; };
		7F0961802A5F259000109032 /* Assets.xcassets */ = {isa = PBXFileReference; lastKnownFileType = folder.assetcatalog; path = Assets.xcassets; sourceTree = "<group>"; };
		7F0961852A5F259000109032 /* Info.plist */ = {isa = PBXFileReference; lastKnownFileType = text.plist.xml; path = Info.plist; sourceTree = "<group>"; };
		7F0961962A5F2E3700109032 /* StationModel.swift */ = {isa = PBXFileReference; lastKnownFileType = sourcecode.swift; path = StationModel.swift; sourceTree = "<group>"; };
		7F0961982A5F2E6C00109032 /* TripModel.swift */ = {isa = PBXFileReference; lastKnownFileType = sourcecode.swift; path = TripModel.swift; sourceTree = "<group>"; };
		7F09619A2A5F346C00109032 /* HomePresenter.swift */ = {isa = PBXFileReference; lastKnownFileType = sourcecode.swift; path = HomePresenter.swift; sourceTree = "<group>"; };
		7F09619C2A5F361900109032 /* LocationManager.swift */ = {isa = PBXFileReference; lastKnownFileType = sourcecode.swift; path = LocationManager.swift; sourceTree = "<group>"; };
		7F09619E2A5F380000109032 /* Keys.swift */ = {isa = PBXFileReference; lastKnownFileType = sourcecode.swift; path = Keys.swift; sourceTree = "<group>"; };
		7F0961A02A5F4B1B00109032 /* Extensions.swift */ = {isa = PBXFileReference; lastKnownFileType = sourcecode.swift; path = Extensions.swift; sourceTree = "<group>"; };
		7F0961A22A5F573700109032 /* StationAnnotation.swift */ = {isa = PBXFileReference; lastKnownFileType = sourcecode.swift; path = StationAnnotation.swift; sourceTree = "<group>"; };
		7F0961A62A608BBF00109032 /* TripListViewController.swift */ = {isa = PBXFileReference; lastKnownFileType = sourcecode.swift; path = TripListViewController.swift; sourceTree = "<group>"; };
		7F0961A82A608BE500109032 /* TripListPresenter.swift */ = {isa = PBXFileReference; lastKnownFileType = sourcecode.swift; path = TripListPresenter.swift; sourceTree = "<group>"; };
		7F0961AA2A60977000109032 /* StationCustomAnnotationView.swift */ = {isa = PBXFileReference; lastKnownFileType = sourcecode.swift; path = StationCustomAnnotationView.swift; sourceTree = "<group>"; };
		7F0961AC2A609E7000109032 /* TripListCellView.swift */ = {isa = PBXFileReference; lastKnownFileType = sourcecode.swift; path = TripListCellView.swift; sourceTree = "<group>"; };
		7F0961AE2A60A61600109032 /* ButtonContainerView.swift */ = {isa = PBXFileReference; lastKnownFileType = sourcecode.swift; path = ButtonContainerView.swift; sourceTree = "<group>"; };
/* End PBXFileReference section */

/* Begin PBXFrameworksBuildPhase section */
		7F0961712A5F258D00109032 /* Frameworks */ = {
			isa = PBXFrameworksBuildPhase;
			buildActionMask = 2147483647;
			files = (
				7F0961B22A60CA7B00109032 /* EzPopup in Frameworks */,
			);
			runOnlyForDeploymentPostprocessing = 0;
		};
/* End PBXFrameworksBuildPhase section */

/* Begin PBXGroup section */
		7F09616B2A5F258D00109032 = {
			isa = PBXGroup;
			children = (
				7F0961762A5F258D00109032 /* BusStopsOnMap */,
				7F0961752A5F258D00109032 /* Products */,
			);
			sourceTree = "<group>";
		};
		7F0961752A5F258D00109032 /* Products */ = {
			isa = PBXGroup;
			children = (
				7F0961742A5F258D00109032 /* BusStopsOnMap.app */,
			);
			name = Products;
			sourceTree = "<group>";
		};
		7F0961762A5F258D00109032 /* BusStopsOnMap */ = {
			isa = PBXGroup;
			children = (
				7F0961852A5F259000109032 /* Info.plist */,
				7F0961952A5F2DB400109032 /* Utilities */,
				7F0961942A5F2D9700109032 /* SupportingFiles */,
				7F09618F2A5F2C7800109032 /* Presenter */,
				7F09618E2A5F2C5800109032 /* View */,
				7F09618D2A5F2C5400109032 /* Model */,
				7F09618C2A5F2C4D00109032 /* Service */,
				7F09618B2A5F2BFC00109032 /* AppDelegates */,
			);
			path = BusStopsOnMap;
			sourceTree = "<group>";
		};
		7F09618B2A5F2BFC00109032 /* AppDelegates */ = {
			isa = PBXGroup;
			children = (
				7F0961772A5F258D00109032 /* AppDelegate.swift */,
				7F0961792A5F258D00109032 /* SceneDelegate.swift */,
			);
			path = AppDelegates;
			sourceTree = "<group>";
		};
		7F09618C2A5F2C4D00109032 /* Service */ = {
			isa = PBXGroup;
			children = (
				7F09619C2A5F361900109032 /* LocationManager.swift */,
			);
			path = Service;
			sourceTree = "<group>";
		};
		7F09618D2A5F2C5400109032 /* Model */ = {
			isa = PBXGroup;
			children = (
				7F0961962A5F2E3700109032 /* StationModel.swift */,
				7F0961982A5F2E6C00109032 /* TripModel.swift */,
			);
			path = Model;
			sourceTree = "<group>";
		};
		7F09618E2A5F2C5800109032 /* View */ = {
			isa = PBXGroup;
			children = (
				7F0961A52A608B9A00109032 /* TripList */,
				7F0961A42A608B8F00109032 /* Home */,
			);
			path = View;
			sourceTree = "<group>";
		};
		7F09618F2A5F2C7800109032 /* Presenter */ = {
			isa = PBXGroup;
			children = (
				7F09619A2A5F346C00109032 /* HomePresenter.swift */,
				7F0961A82A608BE500109032 /* TripListPresenter.swift */,
			);
			path = Presenter;
			sourceTree = "<group>";
		};
		7F0961942A5F2D9700109032 /* SupportingFiles */ = {
			isa = PBXGroup;
			children = (
				7F0961802A5F259000109032 /* Assets.xcassets */,
			);
			path = SupportingFiles;
			sourceTree = "<group>";
		};
		7F0961952A5F2DB400109032 /* Utilities */ = {
			isa = PBXGroup;
			children = (
				7F09619E2A5F380000109032 /* Keys.swift */,
				7F0961A02A5F4B1B00109032 /* Extensions.swift */,
			);
			path = Utilities;
			sourceTree = "<group>";
		};
		7F0961A42A608B8F00109032 /* Home */ = {
			isa = PBXGroup;
			children = (
				7F09617B2A5F258D00109032 /* HomeViewController.swift */,
				7F0961A22A5F573700109032 /* StationAnnotation.swift */,
				7F0961AA2A60977000109032 /* StationCustomAnnotationView.swift */,
			);
			path = Home;
			sourceTree = "<group>";
		};
		7F0961A52A608B9A00109032 /* TripList */ = {
			isa = PBXGroup;
			children = (
				7F0961A62A608BBF00109032 /* TripListViewController.swift */,
				7F0961AC2A609E7000109032 /* TripListCellView.swift */,
				7F0961AE2A60A61600109032 /* ButtonContainerView.swift */,
			);
			path = TripList;
			sourceTree = "<group>";
		};
/* End PBXGroup section */

/* Begin PBXNativeTarget section */
		7F0961732A5F258D00109032 /* BusStopsOnMap */ = {
			isa = PBXNativeTarget;
			buildConfigurationList = 7F0961882A5F259000109032 /* Build configuration list for PBXNativeTarget "BusStopsOnMap" */;
			buildPhases = (
				7F0961702A5F258D00109032 /* Sources */,
				7F0961712A5F258D00109032 /* Frameworks */,
				7F0961722A5F258D00109032 /* Resources */,
			);
			buildRules = (
			);
			dependencies = (
			);
			name = BusStopsOnMap;
			packageProductDependencies = (
				7F0961B12A60CA7B00109032 /* EzPopup */,
			);
			productName = BusStopsOnMap;
			productReference = 7F0961742A5F258D00109032 /* BusStopsOnMap.app */;
			productType = "com.apple.product-type.application";
		};
/* End PBXNativeTarget section */

/* Begin PBXProject section */
		7F09616C2A5F258D00109032 /* Project object */ = {
			isa = PBXProject;
			attributes = {
				BuildIndependentTargetsInParallel = 1;
				LastSwiftUpdateCheck = 1420;
				LastUpgradeCheck = 1420;
				TargetAttributes = {
					7F0961732A5F258D00109032 = {
						CreatedOnToolsVersion = 14.2;
					};
				};
			};
			buildConfigurationList = 7F09616F2A5F258D00109032 /* Build configuration list for PBXProject "BusStopsOnMap" */;
			compatibilityVersion = "Xcode 14.0";
			developmentRegion = en;
			hasScannedForEncodings = 0;
			knownRegions = (
				en,
				Base,
			);
			mainGroup = 7F09616B2A5F258D00109032;
			packageReferences = (
				7F0961B02A60CA7B00109032 /* XCRemoteSwiftPackageReference "EzPopup" */,
			);
			productRefGroup = 7F0961752A5F258D00109032 /* Products */;
			projectDirPath = "";
			projectRoot = "";
			targets = (
				7F0961732A5F258D00109032 /* BusStopsOnMap */,
			);
		};
/* End PBXProject section */

/* Begin PBXResourcesBuildPhase section */
		7F0961722A5F258D00109032 /* Resources */ = {
			isa = PBXResourcesBuildPhase;
			buildActionMask = 2147483647;
			files = (
				7F0961812A5F259000109032 /* Assets.xcassets in Resources */,
			);
			runOnlyForDeploymentPostprocessing = 0;
		};
/* End PBXResourcesBuildPhase section */

/* Begin PBXSourcesBuildPhase section */
		7F0961702A5F258D00109032 /* Sources */ = {
			isa = PBXSourcesBuildPhase;
			buildActionMask = 2147483647;
			files = (
				7F0961972A5F2E3700109032 /* StationModel.swift in Sources */,
				7F0961AF2A60A61600109032 /* ButtonContainerView.swift in Sources */,
				7F0961A12A5F4B1B00109032 /* Extensions.swift in Sources */,
				7F09619F2A5F380000109032 /* Keys.swift in Sources */,
				7F0961A32A5F573700109032 /* StationAnnotation.swift in Sources */,
				7F0961A72A608BBF00109032 /* TripListViewController.swift in Sources */,
				7F0961AD2A609E7000109032 /* TripListCellView.swift in Sources */,
				7F09617C2A5F258D00109032 /* HomeViewController.swift in Sources */,
				7F0961782A5F258D00109032 /* AppDelegate.swift in Sources */,
				7F09619D2A5F361900109032 /* LocationManager.swift in Sources */,
				7F0961AB2A60977000109032 /* StationCustomAnnotationView.swift in Sources */,
				7F09619B2A5F346C00109032 /* HomePresenter.swift in Sources */,
				7F0961A92A608BE500109032 /* TripListPresenter.swift in Sources */,
				7F0961992A5F2E6C00109032 /* TripModel.swift in Sources */,
				7F09617A2A5F258D00109032 /* SceneDelegate.swift in Sources */,
			);
			runOnlyForDeploymentPostprocessing = 0;
		};
/* End PBXSourcesBuildPhase section */

/* Begin XCBuildConfiguration section */
		7F0961862A5F259000109032 /* Debug */ = {
			isa = XCBuildConfiguration;
			buildSettings = {
				ALWAYS_SEARCH_USER_PATHS = NO;
				CLANG_ANALYZER_NONNULL = YES;
				CLANG_ANALYZER_NUMBER_OBJECT_CONVERSION = YES_AGGRESSIVE;
				CLANG_CXX_LANGUAGE_STANDARD = "gnu++20";
				CLANG_ENABLE_MODULES = YES;
				CLANG_ENABLE_OBJC_ARC = YES;
				CLANG_ENABLE_OBJC_WEAK = YES;
				CLANG_WARN_BLOCK_CAPTURE_AUTORELEASING = YES;
				CLANG_WARN_BOOL_CONVERSION = YES;
				CLANG_WARN_COMMA = YES;
				CLANG_WARN_CONSTANT_CONVERSION = YES;
				CLANG_WARN_DEPRECATED_OBJC_IMPLEMENTATIONS = YES;
				CLANG_WARN_DIRECT_OBJC_ISA_USAGE = YES_ERROR;
				CLANG_WARN_DOCUMENTATION_COMMENTS = YES;
				CLANG_WARN_EMPTY_BODY = YES;
				CLANG_WARN_ENUM_CONVERSION = YES;
				CLANG_WARN_INFINITE_RECURSION = YES;
				CLANG_WARN_INT_CONVERSION = YES;
				CLANG_WARN_NON_LITERAL_NULL_CONVERSION = YES;
				CLANG_WARN_OBJC_IMPLICIT_RETAIN_SELF = YES;
				CLANG_WARN_OBJC_LITERAL_CONVERSION = YES;
				CLANG_WARN_OBJC_ROOT_CLASS = YES_ERROR;
				CLANG_WARN_QUOTED_INCLUDE_IN_FRAMEWORK_HEADER = YES;
				CLANG_WARN_RANGE_LOOP_ANALYSIS = YES;
				CLANG_WARN_STRICT_PROTOTYPES = YES;
				CLANG_WARN_SUSPICIOUS_MOVE = YES;
				CLANG_WARN_UNGUARDED_AVAILABILITY = YES_AGGRESSIVE;
				CLANG_WARN_UNREACHABLE_CODE = YES;
				CLANG_WARN__DUPLICATE_METHOD_MATCH = YES;
				COPY_PHASE_STRIP = NO;
				DEBUG_INFORMATION_FORMAT = dwarf;
				ENABLE_STRICT_OBJC_MSGSEND = YES;
				ENABLE_TESTABILITY = YES;
				GCC_C_LANGUAGE_STANDARD = gnu11;
				GCC_DYNAMIC_NO_PIC = NO;
				GCC_NO_COMMON_BLOCKS = YES;
				GCC_OPTIMIZATION_LEVEL = 0;
				GCC_PREPROCESSOR_DEFINITIONS = (
					"DEBUG=1",
					"$(inherited)",
				);
				GCC_WARN_64_TO_32_BIT_CONVERSION = YES;
				GCC_WARN_ABOUT_RETURN_TYPE = YES_ERROR;
				GCC_WARN_UNDECLARED_SELECTOR = YES;
				GCC_WARN_UNINITIALIZED_AUTOS = YES_AGGRESSIVE;
				GCC_WARN_UNUSED_FUNCTION = YES;
				GCC_WARN_UNUSED_VARIABLE = YES;
				IPHONEOS_DEPLOYMENT_TARGET = 16.2;
				MTL_ENABLE_DEBUG_INFO = INCLUDE_SOURCE;
				MTL_FAST_MATH = YES;
				ONLY_ACTIVE_ARCH = YES;
				SDKROOT = iphoneos;
				SWIFT_ACTIVE_COMPILATION_CONDITIONS = DEBUG;
				SWIFT_OPTIMIZATION_LEVEL = "-Onone";
			};
			name = Debug;
		};
		7F0961872A5F259000109032 /* Release */ = {
			isa = XCBuildConfiguration;
			buildSettings = {
				ALWAYS_SEARCH_USER_PATHS = NO;
				CLANG_ANALYZER_NONNULL = YES;
				CLANG_ANALYZER_NUMBER_OBJECT_CONVERSION = YES_AGGRESSIVE;
				CLANG_CXX_LANGUAGE_STANDARD = "gnu++20";
				CLANG_ENABLE_MODULES = YES;
				CLANG_ENABLE_OBJC_ARC = YES;
				CLANG_ENABLE_OBJC_WEAK = YES;
				CLANG_WARN_BLOCK_CAPTURE_AUTORELEASING = YES;
				CLANG_WARN_BOOL_CONVERSION = YES;
				CLANG_WARN_COMMA = YES;
				CLANG_WARN_CONSTANT_CONVERSION = YES;
				CLANG_WARN_DEPRECATED_OBJC_IMPLEMENTATIONS = YES;
				CLANG_WARN_DIRECT_OBJC_ISA_USAGE = YES_ERROR;
				CLANG_WARN_DOCUMENTATION_COMMENTS = YES;
				CLANG_WARN_EMPTY_BODY = YES;
				CLANG_WARN_ENUM_CONVERSION = YES;
				CLANG_WARN_INFINITE_RECURSION = YES;
				CLANG_WARN_INT_CONVERSION = YES;
				CLANG_WARN_NON_LITERAL_NULL_CONVERSION = YES;
				CLANG_WARN_OBJC_IMPLICIT_RETAIN_SELF = YES;
				CLANG_WARN_OBJC_LITERAL_CONVERSION = YES;
				CLANG_WARN_OBJC_ROOT_CLASS = YES_ERROR;
				CLANG_WARN_QUOTED_INCLUDE_IN_FRAMEWORK_HEADER = YES;
				CLANG_WARN_RANGE_LOOP_ANALYSIS = YES;
				CLANG_WARN_STRICT_PROTOTYPES = YES;
				CLANG_WARN_SUSPICIOUS_MOVE = YES;
				CLANG_WARN_UNGUARDED_AVAILABILITY = YES_AGGRESSIVE;
				CLANG_WARN_UNREACHABLE_CODE = YES;
				CLANG_WARN__DUPLICATE_METHOD_MATCH = YES;
				COPY_PHASE_STRIP = NO;
				DEBUG_INFORMATION_FORMAT = "dwarf-with-dsym";
				ENABLE_NS_ASSERTIONS = NO;
				ENABLE_STRICT_OBJC_MSGSEND = YES;
				GCC_C_LANGUAGE_STANDARD = gnu11;
				GCC_NO_COMMON_BLOCKS = YES;
				GCC_WARN_64_TO_32_BIT_CONVERSION = YES;
				GCC_WARN_ABOUT_RETURN_TYPE = YES_ERROR;
				GCC_WARN_UNDECLARED_SELECTOR = YES;
				GCC_WARN_UNINITIALIZED_AUTOS = YES_AGGRESSIVE;
				GCC_WARN_UNUSED_FUNCTION = YES;
				GCC_WARN_UNUSED_VARIABLE = YES;
				IPHONEOS_DEPLOYMENT_TARGET = 16.2;
				MTL_ENABLE_DEBUG_INFO = NO;
				MTL_FAST_MATH = YES;
				SDKROOT = iphoneos;
				SWIFT_COMPILATION_MODE = wholemodule;
				SWIFT_OPTIMIZATION_LEVEL = "-O";
				VALIDATE_PRODUCT = YES;
			};
			name = Release;
		};
		7F0961892A5F259000109032 /* Debug */ = {
			isa = XCBuildConfiguration;
			buildSettings = {
				ASSETCATALOG_COMPILER_APPICON_NAME = AppIcon;
				ASSETCATALOG_COMPILER_GLOBAL_ACCENT_COLOR_NAME = AccentColor;
				CODE_SIGN_STYLE = Automatic;
				CURRENT_PROJECT_VERSION = 1;
				DEVELOPMENT_TEAM = PG9S8XJGY8;
				GENERATE_INFOPLIST_FILE = YES;
				INFOPLIST_FILE = BusStopsOnMap/Info.plist;
				INFOPLIST_KEY_NSLocationAlwaysAndWhenInUseUsageDescription = "Need Locatipn";
				INFOPLIST_KEY_UIApplicationSupportsIndirectInputEvents = YES;
				INFOPLIST_KEY_UILaunchStoryboardName = LaunchScreen;
				INFOPLIST_KEY_UIMainStoryboardFile = "";
				INFOPLIST_KEY_UISupportedInterfaceOrientations_iPad = "UIInterfaceOrientationPortrait UIInterfaceOrientationPortraitUpsideDown UIInterfaceOrientationLandscapeLeft UIInterfaceOrientationLandscapeRight";
				INFOPLIST_KEY_UISupportedInterfaceOrientations_iPhone = "UIInterfaceOrientationPortrait UIInterfaceOrientationLandscapeLeft UIInterfaceOrientationLandscapeRight";
				LD_RUNPATH_SEARCH_PATHS = (
					"$(inherited)",
					"@executable_path/Frameworks",
				);
				MARKETING_VERSION = 1.0;
				PRODUCT_BUNDLE_IDENTIFIER = ibrahim.BusStopsOnMap;
				PRODUCT_NAME = "$(TARGET_NAME)";
				SWIFT_EMIT_LOC_STRINGS = YES;
				SWIFT_VERSION = 5.0;
				TARGETED_DEVICE_FAMILY = "1,2";
			};
			name = Debug;
		};
		7F09618A2A5F259000109032 /* Release */ = {
			isa = XCBuildConfiguration;
			buildSettings = {
				ASSETCATALOG_COMPILER_APPICON_NAME = AppIcon;
				ASSETCATALOG_COMPILER_GLOBAL_ACCENT_COLOR_NAME = AccentColor;
				CODE_SIGN_STYLE = Automatic;
				CURRENT_PROJECT_VERSION = 1;
				DEVELOPMENT_TEAM = PG9S8XJGY8;
				GENERATE_INFOPLIST_FILE = YES;
				INFOPLIST_FILE = BusStopsOnMap/Info.plist;
				INFOPLIST_KEY_NSLocationAlwaysAndWhenInUseUsageDescription = "Need Locatipn";
				INFOPLIST_KEY_UIApplicationSupportsIndirectInputEvents = YES;
				INFOPLIST_KEY_UILaunchStoryboardName = LaunchScreen;
				INFOPLIST_KEY_UIMainStoryboardFile = "";
				INFOPLIST_KEY_UISupportedInterfaceOrientations_iPad = "UIInterfaceOrientationPortrait UIInterfaceOrientationPortraitUpsideDown UIInterfaceOrientationLandscapeLeft UIInterfaceOrientationLandscapeRight";
				INFOPLIST_KEY_UISupportedInterfaceOrientations_iPhone = "UIInterfaceOrientationPortrait UIInterfaceOrientationLandscapeLeft UIInterfaceOrientationLandscapeRight";
				LD_RUNPATH_SEARCH_PATHS = (
					"$(inherited)",
					"@executable_path/Frameworks",
				);
				MARKETING_VERSION = 1.0;
				PRODUCT_BUNDLE_IDENTIFIER = ibrahim.BusStopsOnMap;
				PRODUCT_NAME = "$(TARGET_NAME)";
				SWIFT_EMIT_LOC_STRINGS = YES;
				SWIFT_VERSION = 5.0;
				TARGETED_DEVICE_FAMILY = "1,2";
			};
			name = Release;
		};
/* End XCBuildConfiguration section */

/* Begin XCConfigurationList section */
		7F09616F2A5F258D00109032 /* Build configuration list for PBXProject "BusStopsOnMap" */ = {
			isa = XCConfigurationList;
			buildConfigurations = (
				7F0961862A5F259000109032 /* Debug */,
				7F0961872A5F259000109032 /* Release */,
			);
			defaultConfigurationIsVisible = 0;
			defaultConfigurationName = Release;
		};
		7F0961882A5F259000109032 /* Build configuration list for PBXNativeTarget "BusStopsOnMap" */ = {
			isa = XCConfigurationList;
			buildConfigurations = (
				7F0961892A5F259000109032 /* Debug */,
				7F09618A2A5F259000109032 /* Release */,
			);
			defaultConfigurationIsVisible = 0;
			defaultConfigurationName = Release;
		};
/* End XCConfigurationList section */

/* Begin XCRemoteSwiftPackageReference section */
		7F0961B02A60CA7B00109032 /* XCRemoteSwiftPackageReference "EzPopup" */ = {
			isa = XCRemoteSwiftPackageReference;
			repositoryURL = "https://github.com/huynguyencong/EzPopup.git";
			requirement = {
				kind = upToNextMajorVersion;
				minimumVersion = 1.0.0;
			};
		};
/* End XCRemoteSwiftPackageReference section */

/* Begin XCSwiftPackageProductDependency section */
		7F0961B12A60CA7B00109032 /* EzPopup */ = {
			isa = XCSwiftPackageProductDependency;
			package = 7F0961B02A60CA7B00109032 /* XCRemoteSwiftPackageReference "EzPopup" */;
			productName = EzPopup;
		};
/* End XCSwiftPackageProductDependency section */
	};
	rootObject = 7F09616C2A5F258D00109032 /* Project object */;
}
